{
  "requires": true,
  "lockfileVersion": 1,
  "dependencies": {
    "use-immer": {
      "version": "0.4.2",
      "resolved": "https://registry.npmjs.org/use-immer/-/use-immer-0.4.2.tgz",
      "integrity": "sha512-ONfZHEv/gzt/jyYxrJD3ZFUllKJED8F1mds9Fr9CYj54LmsiuGDg3vkx+R7WHS72p7DbSS1QbM7xNYrVWX+KcA=="
    }
  }
}
